
Microsoft Visual Studio Solution File, Format Version 12.00
# Visual Studio Version 16
VisualStudioVersion = 16.0.30907.101
MinimumVisualStudioVersion = 10.0.40219.1
Project("{FAE04EC0-301F-11D3-BF4B-00C04F79EFBC}") = "HandicapTrackerAPI", "HandicapTrackerAPI\HandicapTrackerAPI.csproj", "{F3615404-7A10-46DB-918F-DD4FD9843505}"
EndProject
Global
	GlobalSection(SolutionConfigurationPlatforms) = preSolution
		Debug|Any CPU = Debug|Any CPU
		Release|Any CPU = Release|Any CPU
	EndGlobalSection
	GlobalSection(ProjectConfigurationPlatforms) = postSolution
		{F3615404-7A10-46DB-918F-DD4FD9843505}.Debug|Any CPU.ActiveCfg = Debug|Any CPU
		{F3615404-7A10-46DB-918F-DD4FD9843505}.Debug|Any CPU.Build.0 = Debug|Any CPU
		{F3615404-7A10-46DB-918F-DD4FD9843505}.Release|Any CPU.ActiveCfg = Release|Any CPU
		{F3615404-7A10-46DB-918F-DD4FD9843505}.Release|Any CPU.Build.0 = Release|Any CPU
	EndGlobalSection
	GlobalSection(SolutionProperties) = preSolution
		HideSolutionNode = FALSE
	EndGlobalSection
	GlobalSection(ExtensibilityGlobals) = postSolution
		SolutionGuid = {8FAD18C9-D384-48B2-96BC-DB594B6873F1}
	EndGlobalSection
EndGlobal
